Microsoft Visual Studio Solution File, Format Version 12.00
# Visual Studio Version 17
VisualStudioVersion = 17.3.32825.248
MinimumVisualStudioVersion = 10.0.40219.1
Project("{9A19103F-16F7-4668-BE54-9A1E7A4F7556}") = "Tests.Common", "Tests.Common\Tests.Common.csproj", "{CA13A431-7FB6-4BCE-8521-42D130934311}"
EndProject
Project("{2150E333-8FDC-42A3-9474-1A3956D46DE8}") = "Solution Items", "Solution Items", "{AEDF99FB-885A-4243-8DFE-6A4E3F40D50D}"
	ProjectSection(SolutionItems) = preProject
		.github\workflows\build.yml = .github\workflows\build.yml
		CHANGELOG.md = CHANGELOG.md
		deadlinksconfig.json = deadlinksconfig.json
		Directory.Build.props = Directory.Build.props
		Directory.Packages.props = Directory.Packages.props
		.github\workflows\links.yml = .github\workflows\links.yml
		NoteForNewDevelopers.md = NoteForNewDevelopers.md
		Documentation\CodeTutorials\Packages.md = Documentation\CodeTutorials\Packages.md
		rdmp-client.xml = rdmp-client.xml
		README.md = README.md
		SharedAssemblyInfo.cs = SharedAssemblyInfo.cs
	EndProjectSection
EndProject
Project("{2150E333-8FDC-42A3-9474-1A3956D46DE8}") = "Application", "Application", "{28A15609-73F6-4840-94AF-9BD7E1B06B22}"
EndProject
Project("{9A19103F-16F7-4668-BE54-9A1E7A4F7556}") = "ResearchDataManagementPlatform", "Application\ResearchDataManagementPlatform\ResearchDataManagementPlatform.csproj", "{550988FD-F1FA-41D8-BE0F-00B4DE47D320}"
EndProject
Project("{2150E333-8FDC-42A3-9474-1A3956D46DE8}") = "Tools", "Tools", "{E277AD74-0AB8-4A8D-BA8A-4BE5408F12D2}"
EndProject
Project("{9A19103F-16F7-4668-BE54-9A1E7A4F7556}") = "rdmp", "Tools\rdmp\rdmp.csproj", "{A6107DDC-8268-4902-A994-233B00480113}"
EndProject
Project("{9A19103F-16F7-4668-BE54-9A1E7A4F7556}") = "Rdmp.Core", "Rdmp.Core\Rdmp.Core.csproj", "{B35851B0-073E-45AD-9D64-790AC29E5397}"
EndProject
Project("{9A19103F-16F7-4668-BE54-9A1E7A4F7556}") = "Rdmp.Core.Tests", "Rdmp.Core.Tests\Rdmp.Core.Tests.csproj", "{13825638-5252-413C-98BC-1AEF3B1CB9E4}"
EndProject
Project("{9A19103F-16F7-4668-BE54-9A1E7A4F7556}") = "Rdmp.UI", "Rdmp.UI\Rdmp.UI.csproj", "{60721BCE-E328-45CF-B6D2-B627364FBBFA}"
EndProject
Project("{9A19103F-16F7-4668-BE54-9A1E7A4F7556}") = "Rdmp.UI.Tests", "Rdmp.UI.Tests\Rdmp.UI.Tests.csproj", "{8048FC7B-7F1F-4F7D-A47B-48342B8FF018}"
EndProject
Project("{2150E333-8FDC-42A3-9474-1A3956D46DE8}") = "Documentation", "Documentation", "{BEEC317E-0984-4EA6-AF33-CBF37096E01B}"
	ProjectSection(SolutionItems) = preProject
		Documentation\CodeTutorials\ChangeTracking.md = Documentation\CodeTutorials\ChangeTracking.md
		Documentation\CodeTutorials\Coding.md = Documentation\CodeTutorials\Coding.md
		Documentation\CodeTutorials\CohortBuildingApiPlugins.md = Documentation\CodeTutorials\CohortBuildingApiPlugins.md
		Documentation\CodeTutorials\CreatingANewCollectionTreeNode.md = Documentation\CodeTutorials\CreatingANewCollectionTreeNode.md
		Documentation\CodeTutorials\CreatingANewRightClickMenu.md = Documentation\CodeTutorials\CreatingANewRightClickMenu.md
		Documentation\CodeTutorials\CSVHandling.md = Documentation\CodeTutorials\CSVHandling.md
		Documentation\CodeTutorials\CustomMetadataSubstitutions.md = Documentation\CodeTutorials\CustomMetadataSubstitutions.md
		Documentation\CodeTutorials\DataTableUpload.md = Documentation\CodeTutorials\DataTableUpload.md
		Documentation\CodeTutorials\DoubleClickAndDragDrop.md = Documentation\CodeTutorials\DoubleClickAndDragDrop.md
		Documentation\CodeTutorials\ExcelHandling.md = Documentation\CodeTutorials\ExcelHandling.md
		Documentation\CodeTutorials\FAQ.md = Documentation\CodeTutorials\FAQ.md
		Documentation\CodeTutorials\Glossary.md = Documentation\CodeTutorials\Glossary.md
		Documentation\CodeTutorials\Graphs.md = Documentation\CodeTutorials\Graphs.md
		Documentation\CodeTutorials\Localization.md = Documentation\CodeTutorials\Localization.md
		Documentation\CodeTutorials\MultipleExtractionIdentifiers.md = Documentation\CodeTutorials\MultipleExtractionIdentifiers.md
		Documentation\CodeTutorials\Packages.md = Documentation\CodeTutorials\Packages.md
		Documentation\CodeTutorials\PluginWriting.md = Documentation\CodeTutorials\PluginWriting.md
		Documentation\CodeTutorials\RdmpCommandLine.md = Documentation\CodeTutorials\RdmpCommandLine.md
		Documentation\CodeTutorials\Tests.md = Documentation\CodeTutorials\Tests.md
		Documentation\CodeTutorials\UserInterfaceOverview.md = Documentation\CodeTutorials\UserInterfaceOverview.md
		Documentation\CodeTutorials\UserManual.md = Documentation\CodeTutorials\UserManual.md
		Documentation\CodeTutorials\Validation.md = Documentation\CodeTutorials\Validation.md
		Documentation\CodeTutorials\YamlRepository.md = Documentation\CodeTutorials\YamlRepository.md
	EndProjectSection
EndProject
Project("{2150E333-8FDC-42A3-9474-1A3956D46DE8}") = "scripts", "scripts", "{B010E3F1-3124-437A-8F09-06C3840C46BD}"
	ProjectSection(SolutionItems) = preProject
		scripts\create_cohort.yaml = scripts\create_cohort.yaml
		scripts\create_dataload.yaml = scripts\create_dataload.yaml
		scripts\create_list_destroy_catalogue.yaml = scripts\create_list_destroy_catalogue.yaml
		scripts\orphan_extractable_column.yaml = scripts\orphan_extractable_column.yaml
	EndProjectSection
EndProject
Project("{B7DD6F7E-DEF8-4E67-B5B7-07EF123DB6F0}") = "RdmpMSI", "RdmpMSI\RdmpMSI.wixproj", "{59700881-BBF2-4F78-9938-2FA839E0F6CF}"
EndProject
Global
	GlobalSection(SolutionConfigurationPlatforms) = preSolution
		Debug|Any CPU = Debug|Any CPU
		Debug|ARM64 = Debug|ARM64
		Debug|Mixed Platforms = Debug|Mixed Platforms
		Debug|x64 = Debug|x64
		Debug|x86 = Debug|x86
		Development|Any CPU = Development|Any CPU
		Development|ARM64 = Development|ARM64
		Development|Mixed Platforms = Development|Mixed Platforms
		Development|x64 = Development|x64
		Development|x86 = Development|x86
		Release|Any CPU = Release|Any CPU
		Release|ARM64 = Release|ARM64
		Release|Mixed Platforms = Release|Mixed Platforms
		Release|x64 = Release|x64
		Release|x86 = Release|x86
		Test|Any CPU = Test|Any CPU
		Test|ARM64 = Test|ARM64
		Test|Mixed Platforms = Test|Mixed Platforms
		Test|x64 = Test|x64
		Test|x86 = Test|x86
	EndGlobalSection
	GlobalSection(ProjectConfigurationPlatforms) = postSolution
		{CA13A431-7FB6-4BCE-8521-42D130934311}.Debug|Any CPU.ActiveCfg = Debug|Any CPU
		{CA13A431-7FB6-4BCE-8521-42D130934311}.Debug|Any CPU.Build.0 = Debug|Any CPU
		{CA13A431-7FB6-4BCE-8521-42D130934311}.Debug|ARM64.ActiveCfg = Debug|Any CPU
		{CA13A431-7FB6-4BCE-8521-42D130934311}.Debug|ARM64.Build.0 = Debug|Any CPU
		{CA13A431-7FB6-4BCE-8521-42D130934311}.Debug|Mixed Platforms.ActiveCfg = Debug|Any CPU
		{CA13A431-7FB6-4BCE-8521-42D130934311}.Debug|Mixed Platforms.Build.0 = Debug|Any CPU
		{CA13A431-7FB6-4BCE-8521-42D130934311}.Debug|x64.ActiveCfg = Debug|Any CPU
		{CA13A431-7FB6-4BCE-8521-42D130934311}.Debug|x64.Build.0 = Debug|Any CPU
		{CA13A431-7FB6-4BCE-8521-42D130934311}.Debug|x86.ActiveCfg = Debug|Any CPU
		{CA13A431-7FB6-4BCE-8521-42D130934311}.Development|Any CPU.ActiveCfg = Debug|Any CPU
		{CA13A431-7FB6-4BCE-8521-42D130934311}.Development|Any CPU.Build.0 = Debug|Any CPU
		{CA13A431-7FB6-4BCE-8521-42D130934311}.Development|ARM64.ActiveCfg = Debug|Any CPU
		{CA13A431-7FB6-4BCE-8521-42D130934311}.Development|ARM64.Build.0 = Debug|Any CPU
		{CA13A431-7FB6-4BCE-8521-42D130934311}.Development|Mixed Platforms.ActiveCfg = Debug|Any CPU
		{CA13A431-7FB6-4BCE-8521-42D130934311}.Development|Mixed Platforms.Build.0 = Debug|Any CPU
		{CA13A431-7FB6-4BCE-8521-42D130934311}.Development|x64.ActiveCfg = Debug|Any CPU
		{CA13A431-7FB6-4BCE-8521-42D130934311}.Development|x86.ActiveCfg = Debug|Any CPU
		{CA13A431-7FB6-4BCE-8521-42D130934311}.Release|Any CPU.ActiveCfg = Release|Any CPU
		{CA13A431-7FB6-4BCE-8521-42D130934311}.Release|Any CPU.Build.0 = Release|Any CPU
		{CA13A431-7FB6-4BCE-8521-42D130934311}.Release|ARM64.ActiveCfg = Release|Any CPU
		{CA13A431-7FB6-4BCE-8521-42D130934311}.Release|ARM64.Build.0 = Release|Any CPU
		{CA13A431-7FB6-4BCE-8521-42D130934311}.Release|Mixed Platforms.ActiveCfg = Release|Any CPU
		{CA13A431-7FB6-4BCE-8521-42D130934311}.Release|Mixed Platforms.Build.0 = Release|Any CPU
		{CA13A431-7FB6-4BCE-8521-42D130934311}.Release|x64.ActiveCfg = Release|Any CPU
		{CA13A431-7FB6-4BCE-8521-42D130934311}.Release|x86.ActiveCfg = Release|Any CPU
		{CA13A431-7FB6-4BCE-8521-42D130934311}.Test|Any CPU.ActiveCfg = Release|Any CPU
		{CA13A431-7FB6-4BCE-8521-42D130934311}.Test|Any CPU.Build.0 = Release|Any CPU
		{CA13A431-7FB6-4BCE-8521-42D130934311}.Test|ARM64.ActiveCfg = Release|Any CPU
		{CA13A431-7FB6-4BCE-8521-42D130934311}.Test|ARM64.Build.0 = Release|Any CPU
		{CA13A431-7FB6-4BCE-8521-42D130934311}.Test|Mixed Platforms.ActiveCfg = Release|Any CPU
		{CA13A431-7FB6-4BCE-8521-42D130934311}.Test|Mixed Platforms.Build.0 = Release|Any CPU
		{CA13A431-7FB6-4BCE-8521-42D130934311}.Test|x64.ActiveCfg = Release|Any CPU
		{CA13A431-7FB6-4BCE-8521-42D130934311}.Test|x86.ActiveCfg = Release|Any CPU
		{550988FD-F1FA-41D8-BE0F-00B4DE47D320}.Debug|Any CPU.ActiveCfg = Debug|Any CPU
		{550988FD-F1FA-41D8-BE0F-00B4DE47D320}.Debug|Any CPU.Build.0 = Debug|Any CPU
		{550988FD-F1FA-41D8-BE0F-00B4DE47D320}.Debug|ARM64.ActiveCfg = Debug|Any CPU
		{550988FD-F1FA-41D8-BE0F-00B4DE47D320}.Debug|ARM64.Build.0 = Debug|Any CPU
		{550988FD-F1FA-41D8-BE0F-00B4DE47D320}.Debug|Mixed Platforms.ActiveCfg = Debug|Any CPU
		{550988FD-F1FA-41D8-BE0F-00B4DE47D320}.Debug|Mixed Platforms.Build.0 = Debug|Any CPU
		{550988FD-F1FA-41D8-BE0F-00B4DE47D320}.Debug|x64.ActiveCfg = Debug|Any CPU
		{550988FD-F1FA-41D8-BE0F-00B4DE47D320}.Debug|x64.Build.0 = Debug|Any CPU
		{550988FD-F1FA-41D8-BE0F-00B4DE47D320}.Debug|x86.ActiveCfg = Debug|Any CPU
		{550988FD-F1FA-41D8-BE0F-00B4DE47D320}.Development|Any CPU.ActiveCfg = Debug|Any CPU
		{550988FD-F1FA-41D8-BE0F-00B4DE47D320}.Development|Any CPU.Build.0 = Debug|Any CPU
		{550988FD-F1FA-41D8-BE0F-00B4DE47D320}.Development|ARM64.ActiveCfg = Debug|Any CPU
		{550988FD-F1FA-41D8-BE0F-00B4DE47D320}.Development|ARM64.Build.0 = Debug|Any CPU
		{550988FD-F1FA-41D8-BE0F-00B4DE47D320}.Development|Mixed Platforms.ActiveCfg = Debug|Any CPU
		{550988FD-F1FA-41D8-BE0F-00B4DE47D320}.Development|Mixed Platforms.Build.0 = Debug|Any CPU
		{550988FD-F1FA-41D8-BE0F-00B4DE47D320}.Development|x64.ActiveCfg = Debug|Any CPU
		{550988FD-F1FA-41D8-BE0F-00B4DE47D320}.Development|x86.ActiveCfg = Debug|Any CPU
		{550988FD-F1FA-41D8-BE0F-00B4DE47D320}.Release|Any CPU.ActiveCfg = Release|Any CPU
		{550988FD-F1FA-41D8-BE0F-00B4DE47D320}.Release|Any CPU.Build.0 = Release|Any CPU
		{550988FD-F1FA-41D8-BE0F-00B4DE47D320}.Release|ARM64.ActiveCfg = Release|Any CPU
		{550988FD-F1FA-41D8-BE0F-00B4DE47D320}.Release|ARM64.Build.0 = Release|Any CPU
		{550988FD-F1FA-41D8-BE0F-00B4DE47D320}.Release|Mixed Platforms.ActiveCfg = Release|Any CPU
		{550988FD-F1FA-41D8-BE0F-00B4DE47D320}.Release|Mixed Platforms.Build.0 = Release|Any CPU
		{550988FD-F1FA-41D8-BE0F-00B4DE47D320}.Release|x64.ActiveCfg = Release|Any CPU
		{550988FD-F1FA-41D8-BE0F-00B4DE47D320}.Release|x86.ActiveCfg = Release|Any CPU
		{550988FD-F1FA-41D8-BE0F-00B4DE47D320}.Test|Any CPU.ActiveCfg = Release|Any CPU
		{550988FD-F1FA-41D8-BE0F-00B4DE47D320}.Test|Any CPU.Build.0 = Release|Any CPU
		{550988FD-F1FA-41D8-BE0F-00B4DE47D320}.Test|ARM64.ActiveCfg = Release|Any CPU
		{550988FD-F1FA-41D8-BE0F-00B4DE47D320}.Test|ARM64.Build.0 = Release|Any CPU
		{550988FD-F1FA-41D8-BE0F-00B4DE47D320}.Test|Mixed Platforms.ActiveCfg = Release|Any CPU
		{550988FD-F1FA-41D8-BE0F-00B4DE47D320}.Test|Mixed Platforms.Build.0 = Release|Any CPU
		{550988FD-F1FA-41D8-BE0F-00B4DE47D320}.Test|x64.ActiveCfg = Release|Any CPU
		{550988FD-F1FA-41D8-BE0F-00B4DE47D320}.Test|x86.ActiveCfg = Release|Any CPU
		{A6107DDC-8268-4902-A994-233B00480113}.Debug|Any CPU.ActiveCfg = Debug|Any CPU
		{A6107DDC-8268-4902-A994-233B00480113}.Debug|Any CPU.Build.0 = Debug|Any CPU
		{A6107DDC-8268-4902-A994-233B00480113}.Debug|ARM64.ActiveCfg = Debug|Any CPU
		{A6107DDC-8268-4902-A994-233B00480113}.Debug|ARM64.Build.0 = Debug|Any CPU
		{A6107DDC-8268-4902-A994-233B00480113}.Debug|Mixed Platforms.ActiveCfg = Debug|Any CPU
		{A6107DDC-8268-4902-A994-233B00480113}.Debug|Mixed Platforms.Build.0 = Debug|Any CPU
		{A6107DDC-8268-4902-A994-233B00480113}.Debug|x64.ActiveCfg = Debug|Any CPU
		{A6107DDC-8268-4902-A994-233B00480113}.Debug|x64.Build.0 = Debug|Any CPU
		{A6107DDC-8268-4902-A994-233B00480113}.Debug|x86.ActiveCfg = Debug|Any CPU
		{A6107DDC-8268-4902-A994-233B00480113}.Debug|x86.Build.0 = Debug|Any CPU
		{A6107DDC-8268-4902-A994-233B00480113}.Development|Any CPU.ActiveCfg = Debug|Any CPU
		{A6107DDC-8268-4902-A994-233B00480113}.Development|Any CPU.Build.0 = Debug|Any CPU
		{A6107DDC-8268-4902-A994-233B00480113}.Development|ARM64.ActiveCfg = Debug|Any CPU
		{A6107DDC-8268-4902-A994-233B00480113}.Development|ARM64.Build.0 = Debug|Any CPU
		{A6107DDC-8268-4902-A994-233B00480113}.Development|Mixed Platforms.ActiveCfg = Debug|Any CPU
		{A6107DDC-8268-4902-A994-233B00480113}.Development|Mixed Platforms.Build.0 = Debug|Any CPU
		{A6107DDC-8268-4902-A994-233B00480113}.Development|x64.ActiveCfg = Debug|Any CPU
		{A6107DDC-8268-4902-A994-233B00480113}.Development|x64.Build.0 = Debug|Any CPU
		{A6107DDC-8268-4902-A994-233B00480113}.Development|x86.ActiveCfg = Debug|Any CPU
		{A6107DDC-8268-4902-A994-233B00480113}.Development|x86.Build.0 = Debug|Any CPU
		{A6107DDC-8268-4902-A994-233B00480113}.Release|Any CPU.ActiveCfg = Release|Any CPU
		{A6107DDC-8268-4902-A994-233B00480113}.Release|Any CPU.Build.0 = Release|Any CPU
		{A6107DDC-8268-4902-A994-233B00480113}.Release|ARM64.ActiveCfg = Release|Any CPU
		{A6107DDC-8268-4902-A994-233B00480113}.Release|ARM64.Build.0 = Release|Any CPU
		{A6107DDC-8268-4902-A994-233B00480113}.Release|Mixed Platforms.ActiveCfg = Release|Any CPU
		{A6107DDC-8268-4902-A994-233B00480113}.Release|Mixed Platforms.Build.0 = Release|Any CPU
		{A6107DDC-8268-4902-A994-233B00480113}.Release|x64.ActiveCfg = Release|Any CPU
		{A6107DDC-8268-4902-A994-233B00480113}.Release|x64.Build.0 = Release|Any CPU
		{A6107DDC-8268-4902-A994-233B00480113}.Release|x86.ActiveCfg = Release|Any CPU
		{A6107DDC-8268-4902-A994-233B00480113}.Release|x86.Build.0 = Release|Any CPU
		{A6107DDC-8268-4902-A994-233B00480113}.Test|Any CPU.ActiveCfg = Release|Any CPU
		{A6107DDC-8268-4902-A994-233B00480113}.Test|Any CPU.Build.0 = Release|Any CPU
		{A6107DDC-8268-4902-A994-233B00480113}.Test|ARM64.ActiveCfg = Release|Any CPU
		{A6107DDC-8268-4902-A994-233B00480113}.Test|ARM64.Build.0 = Release|Any CPU
		{A6107DDC-8268-4902-A994-233B00480113}.Test|Mixed Platforms.ActiveCfg = Release|Any CPU
		{A6107DDC-8268-4902-A994-233B00480113}.Test|Mixed Platforms.Build.0 = Release|Any CPU
		{A6107DDC-8268-4902-A994-233B00480113}.Test|x64.ActiveCfg = Release|Any CPU
		{A6107DDC-8268-4902-A994-233B00480113}.Test|x64.Build.0 = Release|Any CPU
		{A6107DDC-8268-4902-A994-233B00480113}.Test|x86.ActiveCfg = Release|Any CPU
		{A6107DDC-8268-4902-A994-233B00480113}.Test|x86.Build.0 = Release|Any CPU
		{B35851B0-073E-45AD-9D64-790AC29E5397}.Debug|Any CPU.ActiveCfg = Debug|Any CPU
		{B35851B0-073E-45AD-9D64-790AC29E5397}.Debug|Any CPU.Build.0 = Debug|Any CPU
		{B35851B0-073E-45AD-9D64-790AC29E5397}.Debug|ARM64.ActiveCfg = Debug|Any CPU
		{B35851B0-073E-45AD-9D64-790AC29E5397}.Debug|ARM64.Build.0 = Debug|Any CPU
		{B35851B0-073E-45AD-9D64-790AC29E5397}.Debug|Mixed Platforms.ActiveCfg = Debug|Any CPU
		{B35851B0-073E-45AD-9D64-790AC29E5397}.Debug|Mixed Platforms.Build.0 = Debug|Any CPU
		{B35851B0-073E-45AD-9D64-790AC29E5397}.Debug|x64.ActiveCfg = Debug|Any CPU
		{B35851B0-073E-45AD-9D64-790AC29E5397}.Debug|x64.Build.0 = Debug|Any CPU
		{B35851B0-073E-45AD-9D64-790AC29E5397}.Debug|x86.ActiveCfg = Debug|Any CPU
		{B35851B0-073E-45AD-9D64-790AC29E5397}.Debug|x86.Build.0 = Debug|Any CPU
		{B35851B0-073E-45AD-9D64-790AC29E5397}.Development|Any CPU.ActiveCfg = Debug|Any CPU
		{B35851B0-073E-45AD-9D64-790AC29E5397}.Development|Any CPU.Build.0 = Debug|Any CPU
		{B35851B0-073E-45AD-9D64-790AC29E5397}.Development|ARM64.ActiveCfg = Debug|Any CPU
		{B35851B0-073E-45AD-9D64-790AC29E5397}.Development|ARM64.Build.0 = Debug|Any CPU
		{B35851B0-073E-45AD-9D64-790AC29E5397}.Development|Mixed Platforms.ActiveCfg = Debug|Any CPU
		{B35851B0-073E-45AD-9D64-790AC29E5397}.Development|Mixed Platforms.Build.0 = Debug|Any CPU
		{B35851B0-073E-45AD-9D64-790AC29E5397}.Development|x64.ActiveCfg = Debug|Any CPU
		{B35851B0-073E-45AD-9D64-790AC29E5397}.Development|x64.Build.0 = Debug|Any CPU
		{B35851B0-073E-45AD-9D64-790AC29E5397}.Development|x86.ActiveCfg = Debug|Any CPU
		{B35851B0-073E-45AD-9D64-790AC29E5397}.Development|x86.Build.0 = Debug|Any CPU
		{B35851B0-073E-45AD-9D64-790AC29E5397}.Release|Any CPU.ActiveCfg = Release|Any CPU
		{B35851B0-073E-45AD-9D64-790AC29E5397}.Release|Any CPU.Build.0 = Release|Any CPU
		{B35851B0-073E-45AD-9D64-790AC29E5397}.Release|ARM64.ActiveCfg = Release|Any CPU
		{B35851B0-073E-45AD-9D64-790AC29E5397}.Release|ARM64.Build.0 = Release|Any CPU
		{B35851B0-073E-45AD-9D64-790AC29E5397}.Release|Mixed Platforms.ActiveCfg = Release|Any CPU
		{B35851B0-073E-45AD-9D64-790AC29E5397}.Release|Mixed Platforms.Build.0 = Release|Any CPU
		{B35851B0-073E-45AD-9D64-790AC29E5397}.Release|x64.ActiveCfg = Release|Any CPU
		{B35851B0-073E-45AD-9D64-790AC29E5397}.Release|x64.Build.0 = Release|Any CPU
		{B35851B0-073E-45AD-9D64-790AC29E5397}.Release|x86.ActiveCfg = Release|Any CPU
		{B35851B0-073E-45AD-9D64-790AC29E5397}.Release|x86.Build.0 = Release|Any CPU
		{B35851B0-073E-45AD-9D64-790AC29E5397}.Test|Any CPU.ActiveCfg = Debug|Any CPU
		{B35851B0-073E-45AD-9D64-790AC29E5397}.Test|Any CPU.Build.0 = Debug|Any CPU
		{B35851B0-073E-45AD-9D64-790AC29E5397}.Test|ARM64.ActiveCfg = Release|Any CPU
		{B35851B0-073E-45AD-9D64-790AC29E5397}.Test|ARM64.Build.0 = Release|Any CPU
		{B35851B0-073E-45AD-9D64-790AC29E5397}.Test|Mixed Platforms.ActiveCfg = Debug|Any CPU
		{B35851B0-073E-45AD-9D64-790AC29E5397}.Test|Mixed Platforms.Build.0 = Debug|Any CPU
		{B35851B0-073E-45AD-9D64-790AC29E5397}.Test|x64.ActiveCfg = Debug|Any CPU
		{B35851B0-073E-45AD-9D64-790AC29E5397}.Test|x64.Build.0 = Debug|Any CPU
		{B35851B0-073E-45AD-9D64-790AC29E5397}.Test|x86.ActiveCfg = Debug|Any CPU
		{B35851B0-073E-45AD-9D64-790AC29E5397}.Test|x86.Build.0 = Debug|Any CPU
		{13825638-5252-413C-98BC-1AEF3B1CB9E4}.Debug|Any CPU.ActiveCfg = Debug|Any CPU
		{13825638-5252-413C-98BC-1AEF3B1CB9E4}.Debug|Any CPU.Build.0 = Debug|Any CPU
		{13825638-5252-413C-98BC-1AEF3B1CB9E4}.Debug|ARM64.ActiveCfg = Debug|Any CPU
		{13825638-5252-413C-98BC-1AEF3B1CB9E4}.Debug|ARM64.Build.0 = Debug|Any CPU
		{13825638-5252-413C-98BC-1AEF3B1CB9E4}.Debug|Mixed Platforms.ActiveCfg = Debug|Any CPU
		{13825638-5252-413C-98BC-1AEF3B1CB9E4}.Debug|Mixed Platforms.Build.0 = Debug|Any CPU
		{13825638-5252-413C-98BC-1AEF3B1CB9E4}.Debug|x64.ActiveCfg = Debug|Any CPU
		{13825638-5252-413C-98BC-1AEF3B1CB9E4}.Debug|x64.Build.0 = Debug|Any CPU
		{13825638-5252-413C-98BC-1AEF3B1CB9E4}.Debug|x86.ActiveCfg = Debug|Any CPU
		{13825638-5252-413C-98BC-1AEF3B1CB9E4}.Debug|x86.Build.0 = Debug|Any CPU
		{13825638-5252-413C-98BC-1AEF3B1CB9E4}.Development|Any CPU.ActiveCfg = Debug|Any CPU
		{13825638-5252-413C-98BC-1AEF3B1CB9E4}.Development|Any CPU.Build.0 = Debug|Any CPU
		{13825638-5252-413C-98BC-1AEF3B1CB9E4}.Development|ARM64.ActiveCfg = Debug|Any CPU
		{13825638-5252-413C-98BC-1AEF3B1CB9E4}.Development|ARM64.Build.0 = Debug|Any CPU
		{13825638-5252-413C-98BC-1AEF3B1CB9E4}.Development|Mixed Platforms.ActiveCfg = Debug|Any CPU
		{13825638-5252-413C-98BC-1AEF3B1CB9E4}.Development|Mixed Platforms.Build.0 = Debug|Any CPU
		{13825638-5252-413C-98BC-1AEF3B1CB9E4}.Development|x64.ActiveCfg = Debug|Any CPU
		{13825638-5252-413C-98BC-1AEF3B1CB9E4}.Development|x64.Build.0 = Debug|Any CPU
		{13825638-5252-413C-98BC-1AEF3B1CB9E4}.Development|x86.ActiveCfg = Debug|Any CPU
		{13825638-5252-413C-98BC-1AEF3B1CB9E4}.Development|x86.Build.0 = Debug|Any CPU
		{13825638-5252-413C-98BC-1AEF3B1CB9E4}.Release|Any CPU.ActiveCfg = Release|Any CPU
		{13825638-5252-413C-98BC-1AEF3B1CB9E4}.Release|Any CPU.Build.0 = Release|Any CPU
		{13825638-5252-413C-98BC-1AEF3B1CB9E4}.Release|ARM64.ActiveCfg = Release|Any CPU
		{13825638-5252-413C-98BC-1AEF3B1CB9E4}.Release|ARM64.Build.0 = Release|Any CPU
		{13825638-5252-413C-98BC-1AEF3B1CB9E4}.Release|Mixed Platforms.ActiveCfg = Release|Any CPU
		{13825638-5252-413C-98BC-1AEF3B1CB9E4}.Release|Mixed Platforms.Build.0 = Release|Any CPU
		{13825638-5252-413C-98BC-1AEF3B1CB9E4}.Release|x64.ActiveCfg = Release|Any CPU
		{13825638-5252-413C-98BC-1AEF3B1CB9E4}.Release|x64.Build.0 = Release|Any CPU
		{13825638-5252-413C-98BC-1AEF3B1CB9E4}.Release|x86.ActiveCfg = Release|Any CPU
		{13825638-5252-413C-98BC-1AEF3B1CB9E4}.Release|x86.Build.0 = Release|Any CPU
		{13825638-5252-413C-98BC-1AEF3B1CB9E4}.Test|Any CPU.ActiveCfg = Release|Any CPU
		{13825638-5252-413C-98BC-1AEF3B1CB9E4}.Test|Any CPU.Build.0 = Release|Any CPU
		{13825638-5252-413C-98BC-1AEF3B1CB9E4}.Test|ARM64.ActiveCfg = Release|Any CPU
		{13825638-5252-413C-98BC-1AEF3B1CB9E4}.Test|ARM64.Build.0 = Release|Any CPU
		{13825638-5252-413C-98BC-1AEF3B1CB9E4}.Test|Mixed Platforms.ActiveCfg = Release|Any CPU
		{13825638-5252-413C-98BC-1AEF3B1CB9E4}.Test|Mixed Platforms.Build.0 = Release|Any CPU
		{13825638-5252-413C-98BC-1AEF3B1CB9E4}.Test|x64.ActiveCfg = Release|Any CPU
		{13825638-5252-413C-98BC-1AEF3B1CB9E4}.Test|x64.Build.0 = Release|Any CPU
		{13825638-5252-413C-98BC-1AEF3B1CB9E4}.Test|x86.ActiveCfg = Release|Any CPU
		{13825638-5252-413C-98BC-1AEF3B1CB9E4}.Test|x86.Build.0 = Release|Any CPU
		{60721BCE-E328-45CF-B6D2-B627364FBBFA}.Debug|Any CPU.ActiveCfg = Debug|Any CPU
		{60721BCE-E328-45CF-B6D2-B627364FBBFA}.Debug|Any CPU.Build.0 = Debug|Any CPU
		{60721BCE-E328-45CF-B6D2-B627364FBBFA}.Debug|ARM64.ActiveCfg = Debug|Any CPU
		{60721BCE-E328-45CF-B6D2-B627364FBBFA}.Debug|ARM64.Build.0 = Debug|Any CPU
		{60721BCE-E328-45CF-B6D2-B627364FBBFA}.Debug|Mixed Platforms.ActiveCfg = Debug|Any CPU
		{60721BCE-E328-45CF-B6D2-B627364FBBFA}.Debug|Mixed Platforms.Build.0 = Debug|Any CPU
		{60721BCE-E328-45CF-B6D2-B627364FBBFA}.Debug|x64.ActiveCfg = Debug|Any CPU
		{60721BCE-E328-45CF-B6D2-B627364FBBFA}.Debug|x64.Build.0 = Debug|Any CPU
		{60721BCE-E328-45CF-B6D2-B627364FBBFA}.Debug|x86.ActiveCfg = Debug|Any CPU
		{60721BCE-E328-45CF-B6D2-B627364FBBFA}.Debug|x86.Build.0 = Debug|Any CPU
		{60721BCE-E328-45CF-B6D2-B627364FBBFA}.Development|Any CPU.ActiveCfg = Debug|Any CPU
		{60721BCE-E328-45CF-B6D2-B627364FBBFA}.Development|Any CPU.Build.0 = Debug|Any CPU
		{60721BCE-E328-45CF-B6D2-B627364FBBFA}.Development|ARM64.ActiveCfg = Debug|Any CPU
		{60721BCE-E328-45CF-B6D2-B627364FBBFA}.Development|ARM64.Build.0 = Debug|Any CPU
		{60721BCE-E328-45CF-B6D2-B627364FBBFA}.Development|Mixed Platforms.ActiveCfg = Debug|Any CPU
		{60721BCE-E328-45CF-B6D2-B627364FBBFA}.Development|Mixed Platforms.Build.0 = Debug|Any CPU
		{60721BCE-E328-45CF-B6D2-B627364FBBFA}.Development|x64.ActiveCfg = Debug|Any CPU
		{60721BCE-E328-45CF-B6D2-B627364FBBFA}.Development|x64.Build.0 = Debug|Any CPU
		{60721BCE-E328-45CF-B6D2-B627364FBBFA}.Development|x86.ActiveCfg = Debug|Any CPU
		{60721BCE-E328-45CF-B6D2-B627364FBBFA}.Development|x86.Build.0 = Debug|Any CPU
		{60721BCE-E328-45CF-B6D2-B627364FBBFA}.Release|Any CPU.ActiveCfg = Release|Any CPU
		{60721BCE-E328-45CF-B6D2-B627364FBBFA}.Release|Any CPU.Build.0 = Release|Any CPU
		{60721BCE-E328-45CF-B6D2-B627364FBBFA}.Release|ARM64.ActiveCfg = Release|Any CPU
		{60721BCE-E328-45CF-B6D2-B627364FBBFA}.Release|ARM64.Build.0 = Release|Any CPU
		{60721BCE-E328-45CF-B6D2-B627364FBBFA}.Release|Mixed Platforms.ActiveCfg = Release|Any CPU
		{60721BCE-E328-45CF-B6D2-B627364FBBFA}.Release|Mixed Platforms.Build.0 = Release|Any CPU
		{60721BCE-E328-45CF-B6D2-B627364FBBFA}.Release|x64.ActiveCfg = Release|Any CPU
		{60721BCE-E328-45CF-B6D2-B627364FBBFA}.Release|x64.Build.0 = Release|Any CPU
		{60721BCE-E328-45CF-B6D2-B627364FBBFA}.Release|x86.ActiveCfg = Release|Any CPU
		{60721BCE-E328-45CF-B6D2-B627364FBBFA}.Release|x86.Build.0 = Release|Any CPU
		{60721BCE-E328-45CF-B6D2-B627364FBBFA}.Test|Any CPU.ActiveCfg = Debug|Any CPU
		{60721BCE-E328-45CF-B6D2-B627364FBBFA}.Test|Any CPU.Build.0 = Debug|Any CPU
		{60721BCE-E328-45CF-B6D2-B627364FBBFA}.Test|ARM64.ActiveCfg = Release|Any CPU
		{60721BCE-E328-45CF-B6D2-B627364FBBFA}.Test|ARM64.Build.0 = Release|Any CPU
		{60721BCE-E328-45CF-B6D2-B627364FBBFA}.Test|Mixed Platforms.ActiveCfg = Debug|Any CPU
		{60721BCE-E328-45CF-B6D2-B627364FBBFA}.Test|Mixed Platforms.Build.0 = Debug|Any CPU
		{60721BCE-E328-45CF-B6D2-B627364FBBFA}.Test|x64.ActiveCfg = Debug|Any CPU
		{60721BCE-E328-45CF-B6D2-B627364FBBFA}.Test|x64.Build.0 = Debug|Any CPU
		{60721BCE-E328-45CF-B6D2-B627364FBBFA}.Test|x86.ActiveCfg = Debug|Any CPU
		{60721BCE-E328-45CF-B6D2-B627364FBBFA}.Test|x86.Build.0 = Debug|Any CPU
		{8048FC7B-7F1F-4F7D-A47B-48342B8FF018}.Debug|Any CPU.ActiveCfg = Debug|Any CPU
		{8048FC7B-7F1F-4F7D-A47B-48342B8FF018}.Debug|Any CPU.Build.0 = Debug|Any CPU
		{8048FC7B-7F1F-4F7D-A47B-48342B8FF018}.Debug|ARM64.ActiveCfg = Debug|Any CPU
		{8048FC7B-7F1F-4F7D-A47B-48342B8FF018}.Debug|ARM64.Build.0 = Debug|Any CPU
		{8048FC7B-7F1F-4F7D-A47B-48342B8FF018}.Debug|Mixed Platforms.ActiveCfg = Debug|Any CPU
		{8048FC7B-7F1F-4F7D-A47B-48342B8FF018}.Debug|Mixed Platforms.Build.0 = Debug|Any CPU
		{8048FC7B-7F1F-4F7D-A47B-48342B8FF018}.Debug|x64.ActiveCfg = Debug|Any CPU
		{8048FC7B-7F1F-4F7D-A47B-48342B8FF018}.Debug|x64.Build.0 = Debug|Any CPU
		{8048FC7B-7F1F-4F7D-A47B-48342B8FF018}.Debug|x86.ActiveCfg = Debug|Any CPU
		{8048FC7B-7F1F-4F7D-A47B-48342B8FF018}.Debug|x86.Build.0 = Debug|Any CPU
		{8048FC7B-7F1F-4F7D-A47B-48342B8FF018}.Development|Any CPU.ActiveCfg = Debug|Any CPU
		{8048FC7B-7F1F-4F7D-A47B-48342B8FF018}.Development|Any CPU.Build.0 = Debug|Any CPU
		{8048FC7B-7F1F-4F7D-A47B-48342B8FF018}.Development|ARM64.ActiveCfg = Debug|Any CPU
		{8048FC7B-7F1F-4F7D-A47B-48342B8FF018}.Development|ARM64.Build.0 = Debug|Any CPU
		{8048FC7B-7F1F-4F7D-A47B-48342B8FF018}.Development|Mixed Platforms.ActiveCfg = Debug|Any CPU
		{8048FC7B-7F1F-4F7D-A47B-48342B8FF018}.Development|Mixed Platforms.Build.0 = Debug|Any CPU
		{8048FC7B-7F1F-4F7D-A47B-48342B8FF018}.Development|x64.ActiveCfg = Debug|Any CPU
		{8048FC7B-7F1F-4F7D-A47B-48342B8FF018}.Development|x64.Build.0 = Debug|Any CPU
		{8048FC7B-7F1F-4F7D-A47B-48342B8FF018}.Development|x86.ActiveCfg = Debug|Any CPU
		{8048FC7B-7F1F-4F7D-A47B-48342B8FF018}.Development|x86.Build.0 = Debug|Any CPU
		{8048FC7B-7F1F-4F7D-A47B-48342B8FF018}.Release|Any CPU.ActiveCfg = Release|Any CPU
		{8048FC7B-7F1F-4F7D-A47B-48342B8FF018}.Release|Any CPU.Build.0 = Release|Any CPU
		{8048FC7B-7F1F-4F7D-A47B-48342B8FF018}.Release|ARM64.ActiveCfg = Release|Any CPU
		{8048FC7B-7F1F-4F7D-A47B-48342B8FF018}.Release|ARM64.Build.0 = Release|Any CPU
		{8048FC7B-7F1F-4F7D-A47B-48342B8FF018}.Release|Mixed Platforms.ActiveCfg = Release|Any CPU
		{8048FC7B-7F1F-4F7D-A47B-48342B8FF018}.Release|Mixed Platforms.Build.0 = Release|Any CPU
		{8048FC7B-7F1F-4F7D-A47B-48342B8FF018}.Release|x64.ActiveCfg = Release|Any CPU
		{8048FC7B-7F1F-4F7D-A47B-48342B8FF018}.Release|x64.Build.0 = Release|Any CPU
		{8048FC7B-7F1F-4F7D-A47B-48342B8FF018}.Release|x86.ActiveCfg = Release|Any CPU
		{8048FC7B-7F1F-4F7D-A47B-48342B8FF018}.Release|x86.Build.0 = Release|Any CPU
		{8048FC7B-7F1F-4F7D-A47B-48342B8FF018}.Test|Any CPU.ActiveCfg = Debug|Any CPU
		{8048FC7B-7F1F-4F7D-A47B-48342B8FF018}.Test|Any CPU.Build.0 = Debug|Any CPU
		{8048FC7B-7F1F-4F7D-A47B-48342B8FF018}.Test|ARM64.ActiveCfg = Release|Any CPU
		{8048FC7B-7F1F-4F7D-A47B-48342B8FF018}.Test|ARM64.Build.0 = Release|Any CPU
		{8048FC7B-7F1F-4F7D-A47B-48342B8FF018}.Test|Mixed Platforms.ActiveCfg = Debug|Any CPU
		{8048FC7B-7F1F-4F7D-A47B-48342B8FF018}.Test|Mixed Platforms.Build.0 = Debug|Any CPU
		{8048FC7B-7F1F-4F7D-A47B-48342B8FF018}.Test|x64.ActiveCfg = Debug|Any CPU
		{8048FC7B-7F1F-4F7D-A47B-48342B8FF018}.Test|x64.Build.0 = Debug|Any CPU
		{8048FC7B-7F1F-4F7D-A47B-48342B8FF018}.Test|x86.ActiveCfg = Debug|Any CPU
		{8048FC7B-7F1F-4F7D-A47B-48342B8FF018}.Test|x86.Build.0 = Debug|Any CPU
		{59700881-BBF2-4F78-9938-2FA839E0F6CF}.Debug|Any CPU.ActiveCfg = Debug|x64
		{59700881-BBF2-4F78-9938-2FA839E0F6CF}.Debug|Any CPU.Build.0 = Debug|x64
		{59700881-BBF2-4F78-9938-2FA839E0F6CF}.Debug|ARM64.ActiveCfg = Debug|ARM64
		{59700881-BBF2-4F78-9938-2FA839E0F6CF}.Debug|ARM64.Build.0 = Debug|ARM64
		{59700881-BBF2-4F78-9938-2FA839E0F6CF}.Debug|Mixed Platforms.ActiveCfg = Debug|x64
		{59700881-BBF2-4F78-9938-2FA839E0F6CF}.Debug|Mixed Platforms.Build.0 = Debug|x64
		{59700881-BBF2-4F78-9938-2FA839E0F6CF}.Debug|x64.ActiveCfg = Debug|x64
		{59700881-BBF2-4F78-9938-2FA839E0F6CF}.Debug|x64.Build.0 = Debug|x64
		{59700881-BBF2-4F78-9938-2FA839E0F6CF}.Debug|x86.ActiveCfg = Debug|x86
		{59700881-BBF2-4F78-9938-2FA839E0F6CF}.Debug|x86.Build.0 = Debug|x86
		{59700881-BBF2-4F78-9938-2FA839E0F6CF}.Development|Any CPU.ActiveCfg = Debug|x64
		{59700881-BBF2-4F78-9938-2FA839E0F6CF}.Development|Any CPU.Build.0 = Debug|x64
		{59700881-BBF2-4F78-9938-2FA839E0F6CF}.Development|ARM64.ActiveCfg = Debug|ARM64
		{59700881-BBF2-4F78-9938-2FA839E0F6CF}.Development|ARM64.Build.0 = Debug|ARM64
		{59700881-BBF2-4F78-9938-2FA839E0F6CF}.Development|Mixed Platforms.ActiveCfg = Debug|x64
		{59700881-BBF2-4F78-9938-2FA839E0F6CF}.Development|Mixed Platforms.Build.0 = Debug|x64
		{59700881-BBF2-4F78-9938-2FA839E0F6CF}.Development|x64.ActiveCfg = Debug|x64
		{59700881-BBF2-4F78-9938-2FA839E0F6CF}.Development|x64.Build.0 = Debug|x64
		{59700881-BBF2-4F78-9938-2FA839E0F6CF}.Development|x86.ActiveCfg = Debug|x86
		{59700881-BBF2-4F78-9938-2FA839E0F6CF}.Development|x86.Build.0 = Debug|x86
		{59700881-BBF2-4F78-9938-2FA839E0F6CF}.Release|Any CPU.ActiveCfg = Release|x64
		{59700881-BBF2-4F78-9938-2FA839E0F6CF}.Release|Any CPU.Build.0 = Release|x64
		{59700881-BBF2-4F78-9938-2FA839E0F6CF}.Release|ARM64.ActiveCfg = Release|ARM64
		{59700881-BBF2-4F78-9938-2FA839E0F6CF}.Release|ARM64.Build.0 = Release|ARM64
		{59700881-BBF2-4F78-9938-2FA839E0F6CF}.Release|Mixed Platforms.ActiveCfg = Release|x64
		{59700881-BBF2-4F78-9938-2FA839E0F6CF}.Release|Mixed Platforms.Build.0 = Release|x64
		{59700881-BBF2-4F78-9938-2FA839E0F6CF}.Release|x64.ActiveCfg = Release|x64
		{59700881-BBF2-4F78-9938-2FA839E0F6CF}.Release|x64.Build.0 = Release|x64
		{59700881-BBF2-4F78-9938-2FA839E0F6CF}.Release|x86.ActiveCfg = Release|x86
		{59700881-BBF2-4F78-9938-2FA839E0F6CF}.Release|x86.Build.0 = Release|x86
		{59700881-BBF2-4F78-9938-2FA839E0F6CF}.Test|Any CPU.ActiveCfg = Debug|x64
		{59700881-BBF2-4F78-9938-2FA839E0F6CF}.Test|Any CPU.Build.0 = Debug|x64
		{59700881-BBF2-4F78-9938-2FA839E0F6CF}.Test|ARM64.ActiveCfg = Debug|ARM64
		{59700881-BBF2-4F78-9938-2FA839E0F6CF}.Test|ARM64.Build.0 = Debug|ARM64
		{59700881-BBF2-4F78-9938-2FA839E0F6CF}.Test|Mixed Platforms.ActiveCfg = Debug|x64
		{59700881-BBF2-4F78-9938-2FA839E0F6CF}.Test|Mixed Platforms.Build.0 = Debug|x64
		{59700881-BBF2-4F78-9938-2FA839E0F6CF}.Test|x64.ActiveCfg = Debug|x64
		{59700881-BBF2-4F78-9938-2FA839E0F6CF}.Test|x64.Build.0 = Debug|x64
		{59700881-BBF2-4F78-9938-2FA839E0F6CF}.Test|x86.ActiveCfg = Debug|x86
		{59700881-BBF2-4F78-9938-2FA839E0F6CF}.Test|x86.Build.0 = Debug|x86
	EndGlobalSection
	GlobalSection(SolutionProperties) = preSolution
		HideSolutionNode = FALSE
	EndGlobalSection
	GlobalSection(NestedProjects) = preSolution
		{550988FD-F1FA-41D8-BE0F-00B4DE47D320} = {28A15609-73F6-4840-94AF-9BD7E1B06B22}
		{A6107DDC-8268-4902-A994-233B00480113} = {E277AD74-0AB8-4A8D-BA8A-4BE5408F12D2}
		{BEEC317E-0984-4EA6-AF33-CBF37096E01B} = {AEDF99FB-885A-4243-8DFE-6A4E3F40D50D}
	EndGlobalSection
	GlobalSection(ExtensibilityGlobals) = postSolution
		SolutionGuid = {F1E44105-BBB9-4FF0-8838-6BB62AAA1DBC}
	EndGlobalSection
	GlobalSection(Performance) = preSolution
		HasPerformanceSessions = true
	EndGlobalSection
EndGlobal
